// !$*UTF8*$!
{
	archiveVersion = 1;
	classes = {
	};
	objectVersion = 46;
	objects = {

/* Begin PBXBuildFile section */
		B0028E251E1AE9B9003BE007 /* AppDelegate.swift in Sources */ = {isa = PBXBuildFile; fileRef = B0028E241E1AE9B9003BE007 /* AppDelegate.swift */; };
		B0028E271E1AE9B9003BE007 /* ViewController.swift in Sources */ = {isa = PBXBuildFile; fileRef = B0028E261E1AE9B9003BE007 /* ViewController.swift */; };
		B0028E2A1E1AE9B9003BE007 /* Main.storyboard in Resources */ = {isa = PBXBuildFile; fileRef = B0028E281E1AE9B9003BE007 /* Main.storyboard */; };
		B0028E2C1E1AE9B9003BE007 /* Assets.xcassets in Resources */ = {isa = PBXBuildFile; fileRef = B0028E2B1E1AE9B9003BE007 /* Assets.xcassets */; };
		B0028E2F1E1AE9B9003BE007 /* LaunchScreen.storyboard in Resources */ = {isa = PBXBuildFile; fileRef = B0028E2D1E1AE9B9003BE007 /* LaunchScreen.storyboard */; };
		B0028E3A1E1AEC20003BE007 /* BorderButton.swift in Sources */ = {isa = PBXBuildFile; fileRef = B0028E391E1AEC20003BE007 /* BorderButton.swift */; };
		B0028E3C1E1AEC62003BE007 /* AvatarImage.swift in Sources */ = {isa = PBXBuildFile; fileRef = B0028E3B1E1AEC62003BE007 /* AvatarImage.swift */; };
		B0028E3F1E1AFD94003BE007 /* OverlayViewController.swift in Sources */ = {isa = PBXBuildFile; fileRef = B0028E3E1E1AFD94003BE007 /* OverlayViewController.swift */; };
/* End PBXBuildFile section */

/* Begin PBXFileReference section */
		B0028E211E1AE9B9003BE007 /* TintAdjustmentModeDemo.app */ = {isa = PBXFileReference; explicitFileType = wrapper.application; includeInIndex = 0; path = TintAdjustmentModeDemo.app; sourceTree = BUILT_PRODUCTS_DIR; };
		B0028E241E1AE9B9003BE007 /* AppDelegate.swift */ = {isa = PBXFileReference; lastKnownFileType = sourcecode.swift; path = AppDelegate.swift; sourceTree = "<group>"; };
		B0028E261E1AE9B9003BE007 /* ViewController.swift */ = {isa = PBXFileReference; lastKnownFileType = sourcecode.swift; path = ViewController.swift; sourceTree = "<group>"; };
		B0028E291E1AE9B9003BE007 /* Base */ = {isa = PBXFileReference; lastKnownFileType = file.storyboard; name = Base; path = Base.lproj/Main.storyboard; sourceTree = "<group>"; };
		B0028E2B1E1AE9B9003BE007 /* Assets.xcassets */ = {isa = PBXFileReference; lastKnownFileType = folder.assetcatalog; path = Assets.xcassets; sourceTree = "<group>"; };
		B0028E2E1E1AE9B9003BE007 /* Base */ = {isa = PBXFileReference; lastKnownFileType = file.storyboard; name = Base; path = Base.lproj/LaunchScreen.storyboard; sourceTree = "<group>"; };
		B0028E301E1AE9B9003BE007 /* Info.plist */ = {isa = PBXFileReference; lastKnownFileType = text.plist.xml; path = Info.plist; sourceTree = "<group>"; };
		B0028E391E1AEC20003BE007 /* BorderButton.swift */ = {isa = PBXFileReference; fileEncoding = 4; lastKnownFileType = sourcecode.swift; path = BorderButton.swift; sourceTree = "<group>"; };
		B0028E3B1E1AEC62003BE007 /* AvatarImage.swift */ = {isa = PBXFileReference; fileEncoding = 4; lastKnownFileType = sourcecode.swift; path = AvatarImage.swift; sourceTree = "<group>"; };
		B0028E3E1E1AFD94003BE007 /* OverlayViewController.swift */ = {isa = PBXFileReference; fileEncoding = 4; lastKnownFileType = sourcecode.swift; path = OverlayViewController.swift; sourceTree = "<group>"; };
/* End PBXFileReference section */

/* Begin PBXFrameworksBuildPhase section */
		B0028E1E1E1AE9B9003BE007 /* Frameworks */ = {
			isa = PBXFrameworksBuildPhase;
			buildActionMask = 2147483647;
			files = (
			);
			runOnlyForDeploymentPostprocessing = 0;
		};
/* End PBXFrameworksBuildPhase section */

/* Begin PBXGroup section */
		B0028E181E1AE9B9003BE007 = {
			isa = PBXGroup;
			children = (
				B0028E231E1AE9B9003BE007 /* TintAdjustmentModeDemo */,
				B0028E221E1AE9B9003BE007 /* Products */,
			);
			sourceTree = "<group>";
		};
		B0028E221E1AE9B9003BE007 /* Products */ = {
			isa = PBXGroup;
			children = (
				B0028E211E1AE9B9003BE007 /* TintAdjustmentModeDemo.app */,
			);
			name = Products;
			sourceTree = "<group>";
		};
		B0028E231E1AE9B9003BE007 /* TintAdjustmentModeDemo */ = {
			isa = PBXGroup;
			children = (
				B0028E3D1E1AFD74003BE007 /* Overlay VC */,
				B0028E381E1AEC20003BE007 /* Controls */,
				B0028E241E1AE9B9003BE007 /* AppDelegate.swift */,
				B0028E261E1AE9B9003BE007 /* ViewController.swift */,
				B0028E281E1AE9B9003BE007 /* Main.storyboard */,
				B0028E2B1E1AE9B9003BE007 /* Assets.xcassets */,
				B0028E2D1E1AE9B9003BE007 /* LaunchScreen.storyboard */,
				B0028E301E1AE9B9003BE007 /* Info.plist */,
			);
			path = TintAdjustmentModeDemo;
			sourceTree = "<group>";
		};
		B0028E381E1AEC20003BE007 /* Controls */ = {
			isa = PBXGroup;
			children = (
				B0028E391E1AEC20003BE007 /* BorderButton.swift */,
				B0028E3B1E1AEC62003BE007 /* AvatarImage.swift */,
			);
			path = Controls;
			sourceTree = "<group>";
		};
		B0028E3D1E1AFD74003BE007 /* Overlay VC */ = {
			isa = PBXGroup;
			children = (
				B0028E3E1E1AFD94003BE007 /* OverlayViewController.swift */,
			);
			path = "Overlay VC";
			sourceTree = "<group>";
		};
/* End PBXGroup section */

/* Begin PBXNativeTarget section */
		B0028E201E1AE9B9003BE007 /* TintAdjustmentModeDemo */ = {
			isa = PBXNativeTarget;
			buildConfigurationList = B0028E331E1AE9B9003BE007 /* Build configuration list for PBXNativeTarget "TintAdjustmentModeDemo" */;
			buildPhases = (
				B0028E1D1E1AE9B9003BE007 /* Sources */,
				B0028E1E1E1AE9B9003BE007 /* Frameworks */,
				B0028E1F1E1AE9B9003BE007 /* Resources */,
			);
			buildRules = (
			);
			dependencies = (
			);
			name = TintAdjustmentModeDemo;
			productName = TintAdjustmentModeDemo;
			productReference = B0028E211E1AE9B9003BE007 /* TintAdjustmentModeDemo.app */;
			productType = "com.apple.product-type.application";
		};
/* End PBXNativeTarget section */

/* Begin PBXProject section */
		B0028E191E1AE9B9003BE007 /* Project object */ = {
			isa = PBXProject;
			attributes = {
				LastSwiftUpdateCheck = 0820;
				LastUpgradeCheck = 0820;
				ORGANIZATIONNAME = "Wayne Hartman";
				TargetAttributes = {
					B0028E201E1AE9B9003BE007 = {
						CreatedOnToolsVersion = 8.2;
						DevelopmentTeam = R937YBPA22;
						ProvisioningStyle = Automatic;
					};
				};
			};
			buildConfigurationList = B0028E1C1E1AE9B9003BE007 /* Build configuration list for PBXProject "TintAdjustmentModeDemo" */;
			compatibilityVersion = "Xcode 3.2";
			developmentRegion = English;
			hasScannedForEncodings = 0;
			knownRegions = (
				en,
				Base,
			);
			mainGroup = B0028E181E1AE9B9003BE007;
			productRefGroup = B0028E221E1AE9B9003BE007 /* Products */;
			projectDirPath = "";
			projectRoot = "";
			targets = (
				B0028E201E1AE9B9003BE007 /* TintAdjustmentModeDemo */,
			);
		};
/* End PBXProject section */

/* Begin PBXResourcesBuildPhase section */
		B0028E1F1E1AE9B9003BE007 /* Resources */ = {
			isa = PBXResourcesBuildPhase;
			buildActionMask = 2147483647;
			files = (
				B0028E2F1E1AE9B9003BE007 /* LaunchScreen.storyboard in Resources */,
				B0028E2C1E1AE9B9003BE007 /* Assets.xcassets in Resources */,
				B0028E2A1E1AE9B9003BE007 /* Main.storyboard in Resources */,
			);
			runOnlyForDeploymentPostprocessing = 0;
		};
/* End PBXResourcesBuildPhase section */

/* Begin PBXSourcesBuildPhase section */
		B0028E1D1E1AE9B9003BE007 /* Sources */ = {
			isa = PBXSourcesBuildPhase;
			buildActionMask = 2147483647;
			files = (
				B0028E271E1AE9B9003BE007 /* ViewController.swift in Sources */,
				B0028E251E1AE9B9003BE007 /* AppDelegate.swift in Sources */,
				B0028E3F1E1AFD94003BE007 /* OverlayViewController.swift in Sources */,
				B0028E3C1E1AEC62003BE007 /* AvatarImage.swift in Sources */,
				B0028E3A1E1AEC20003BE007 /* BorderButton.swift in Sources */,
			);
			runOnlyForDeploymentPostprocessing = 0;
		};
/* End PBXSourcesBuildPhase section */

/* Begin PBXVariantGroup section */
		B0028E281E1AE9B9003BE007 /* Main.storyboard */ = {
			isa = PBXVariantGroup;
			children = (
				B0028E291E1AE9B9003BE007 /* Base */,
			);
			name = Main.storyboard;
			sourceTree = "<group>";
		};
		B0028E2D1E1AE9B9003BE007 /* LaunchScreen.storyboard */ = {
			isa = PBXVariantGroup;
			children = (
				B0028E2E1E1AE9B9003BE007 /* Base */,
			);
			name = LaunchScreen.storyboard;
			sourceTree = "<group>";
		};
/* End PBXVariantGroup section */

/* Begin XCBuildConfiguration section */
		B0028E311E1AE9B9003BE007 /* Debug */ = {
			isa = XCBuildConfiguration;
			buildSettings = {
				ALWAYS_SEARCH_USER_PATHS = NO;
				CLANG_ANALYZER_NONNULL = YES;
				CLANG_CXX_LANGUAGE_STANDARD = "gnu++0x";
				CLANG_CXX_LIBRARY = "libc++";
				CLANG_ENABLE_MODULES = YES;
				CLANG_ENABLE_OBJC_ARC = YES;
				CLANG_WARN_BOOL_CONVERSION = YES;
				CLANG_WARN_CONSTANT_CONVERSION = YES;
				CLANG_WARN_DIRECT_OBJC_ISA_USAGE = YES_ERROR;
				CLANG_WARN_DOCUMENTATION_COMMENTS = YES;
				CLANG_WARN_EMPTY_BODY = YES;
				CLANG_WARN_ENUM_CONVERSION = YES;
				CLANG_WARN_INFINITE_RECURSION = YES;
				CLANG_WARN_INT_CONVERSION = YES;
				CLANG_WARN_OBJC_ROOT_CLASS = YES_ERROR;
				CLANG_WARN_SUSPICIOUS_MOVE = YES;
				CLANG_WARN_UNREACHABLE_CODE = YES;
				CLANG_WARN__DUPLICATE_METHOD_MATCH = YES;
				"CODE_SIGN_IDENTITY[sdk=iphoneos*]" = "iPhone Developer";
				COPY_PHASE_STRIP = NO;
				DEBUG_INFORMATION_FORMAT = dwarf;
				ENABLE_STRICT_OBJC_MSGSEND = YES;
				ENABLE_TESTABILITY = YES;
				GCC_C_LANGUAGE_STANDARD = gnu99;
				GCC_DYNAMIC_NO_PIC = NO;
				GCC_NO_COMMON_BLOCKS = YES;
				GCC_OPTIMIZATION_LEVEL = 0;
				GCC_PREPROCESSOR_DEFINITIONS = (
					"DEBUG=1",
					"$(inherited)",
				);
				GCC_WARN_64_TO_32_BIT_CONVERSION = YES;
				GCC_WARN_ABOUT_RETURN_TYPE = YES_ERROR;
				GCC_WARN_UNDECLARED_SELECTOR = YES;
				GCC_WARN_UNINITIALIZED_AUTOS = YES_AGGRESSIVE;
				GCC_WARN_UNUSED_FUNCTION = YES;
				GCC_WARN_UNUSED_VARIABLE = YES;
				IPHONEOS_DEPLOYMENT_TARGET = 10.2;
				MTL_ENABLE_DEBUG_INFO = YES;
				ONLY_ACTIVE_ARCH = YES;
				SDKROOT = iphoneos;
				SWIFT_ACTIVE_COMPILATION_CONDITIONS = DEBUG;
				SWIFT_OPTIMIZATION_LEVEL = "-Onone";
				TARGETED_DEVICE_FAMILY = "1,2";
			};
			name = Debug;
		};
		B0028E321E1AE9B9003BE007 /* Release */ = {
			isa = XCBuildConfiguration;
			buildSettings = {
				ALWAYS_SEARCH_USER_PATHS = NO;
				CLANG_ANALYZER_NONNULL = YES;
				CLANG_CXX_LANGUAGE_STANDARD = "gnu++0x";
				CLANG_CXX_LIBRARY = "libc++";
				CLANG_ENABLE_MODULES = YES;
				CLANG_ENABLE_OBJC_ARC = YES;
				CLANG_WARN_BOOL_CONVERSION = YES;
				CLANG_WARN_CONSTANT_CONVERSION = YES;
				CLANG_WARN_DIRECT_OBJC_ISA_USAGE = YES_ERROR;
				CLANG_WARN_DOCUMENTATION_COMMENTS = YES;
				CLANG_WARN_EMPTY_BODY = YES;
				CLANG_WARN_ENUM_CONVERSION = YES;
				CLANG_WARN_INFINITE_RECURSION = YES;
				CLANG_WARN_INT_CONVERSION = YES;
				CLANG_WARN_OBJC_ROOT_CLASS = YES_ERROR;
				CLANG_WARN_SUSPICIOUS_MOVE = YES;
				CLANG_WARN_UNREACHABLE_CODE = YES;
				CLANG_WARN__DUPLICATE_METHOD_MATCH = YES;
				"CODE_SIGN_IDENTITY[sdk=iphoneos*]" = "iPhone Developer";
				COPY_PHASE_STRIP = NO;
				DEBUG_INFORMATION_FORMAT = "dwarf-with-dsym";
				ENABLE_NS_ASSERTIONS = NO;
				ENABLE_STRICT_OBJC_MSGSEND = YES;
				GCC_C_LANGUAGE_STANDARD = gnu99;
				GCC_NO_COMMON_BLOCKS = YES;
				GCC_WARN_64_TO_32_BIT_CONVERSION = YES;
				GCC_WARN_ABOUT_RETURN_TYPE = YES_ERROR;
				GCC_WARN_UNDECLARED_SELECTOR = YES;
				GCC_WARN_UNINITIALIZED_AUTOS = YES_AGGRESSIVE;
				GCC_WARN_UNUSED_FUNCTION = YES;
				GCC_WARN_UNUSED_VARIABLE = YES;
				IPHONEOS_DEPLOYMENT_TARGET = 10.2;
				MTL_ENABLE_DEBUG_INFO = NO;
				SDKROOT = iphoneos;
				SWIFT_OPTIMIZATION_LEVEL = "-Owholemodule";
				TARGETED_DEVICE_FAMILY = "1,2";
				VALIDATE_PRODUCT = YES;
			};
			name = Release;
		};
		B0028E341E1AE9B9003BE007 /* Debug */ = {
			isa = XCBuildConfiguration;
			buildSettings = {
				ASSETCATALOG_COMPILER_APPICON_NAME = AppIcon;
				DEVELOPMENT_TEAM = R937YBPA22;
				INFOPLIST_FILE = TintAdjustmentModeDemo/Info.plist;
				IPHONEOS_DEPLOYMENT_TARGET = 10.0;
				LD_RUNPATH_SEARCH_PATHS = "$(inherited) @executable_path/Frameworks";
				PRODUCT_BUNDLE_IDENTIFIER = com.waynehartman.TintAdjustmentModeDemo;
				PRODUCT_NAME = "$(TARGET_NAME)";
				SWIFT_VERSION = 3.0;
			};
			name = Debug;
		};
		B0028E351E1AE9B9003BE007 /* Release */ = {
			isa = XCBuildConfiguration;
			buildSettings = {
				ASSETCATALOG_COMPILER_APPICON_NAME = AppIcon;
				DEVELOPMENT_TEAM = R937YBPA22;
				INFOPLIST_FILE = TintAdjustmentModeDemo/Info.plist;
				IPHONEOS_DEPLOYMENT_TARGET = 10.0;
				LD_RUNPATH_SEARCH_PATHS = "$(inherited) @executable_path/Frameworks";
				PRODUCT_BUNDLE_IDENTIFIER = com.waynehartman.TintAdjustmentModeDemo;
				PRODUCT_NAME = "$(TARGET_NAME)";
				SWIFT_VERSION = 3.0;
			};
			name = Release;
		};
/* End XCBuildConfiguration section */

/* Begin XCConfigurationList section */
		B0028E1C1E1AE9B9003BE007 /* Build configuration list for PBXProject "TintAdjustmentModeDemo" */ = {
			isa = XCConfigurationList;
			buildConfigurations = (
				B0028E311E1AE9B9003BE007 /* Debug */,
				B0028E321E1AE9B9003BE007 /* Release */,
			);
			defaultConfigurationIsVisible = 0;
			defaultConfigurationName = Release;
		};
		B0028E331E1AE9B9003BE007 /* Build configuration list for PBXNativeTarget "TintAdjustmentModeDemo" */ = {
			isa = XCConfigurationList;
			buildConfigurations = (
				B0028E341E1AE9B9003BE007 /* Debug */,
				B0028E351E1AE9B9003BE007 /* Release */,
			);
			defaultConfigurationIsVisible = 0;
			defaultConfigurationName = Release;
		};
/* End XCConfigurationList section */
	};
	rootObject = B0028E191E1AE9B9003BE007 /* Project object */;
}
